{
  "nodes": {
    "base16": {
      "inputs": {
        "fromYaml": "fromYaml"
      },
      "locked": {
        "lastModified": 1708890466,
        "narHash": "sha256-LlrC09LoPi8OPYOGPXegD72v+//VapgAqhbOFS3i8sc=",
        "owner": "SenchoPens",
        "repo": "base16.nix",
        "rev": "665b3c6748534eb766c777298721cece9453fdae",
        "type": "github"
      },
      "original": {
        "owner": "SenchoPens",
        "repo": "base16.nix",
        "type": "github"
      }
    },
    "base16-fish": {
      "flake": false,
      "locked": {
        "lastModified": 1622559957,
        "narHash": "sha256-PebymhVYbL8trDVVXxCvZgc0S5VxI7I1Hv4RMSquTpA=",
        "owner": "tomyun",
        "repo": "base16-fish",
        "rev": "2f6dd973a9075dabccd26f1cded09508180bf5fe",
        "type": "github"
      },
      "original": {
        "owner": "tomyun",
        "repo": "base16-fish",
        "type": "github"
      }
    },
    "base16-foot": {
      "flake": false,
      "locked": {
        "lastModified": 1696725948,
        "narHash": "sha256-65bz2bUL/yzZ1c8/GQASnoiGwaF8DczlxJtzik1c0AU=",
        "owner": "tinted-theming",
        "repo": "base16-foot",
        "rev": "eedbcfa30de0a4baa03e99f5e3ceb5535c2755ce",
        "type": "github"
      },
      "original": {
        "owner": "tinted-theming",
        "repo": "base16-foot",
        "type": "github"
      }
    },
    "base16-helix": {
      "flake": false,
      "locked": {
        "lastModified": 1720809814,
        "narHash": "sha256-numb3xigRGnr/deF7wdjBwVg7fpbTH7reFDkJ75AJkY=",
        "owner": "tinted-theming",
        "repo": "base16-helix",
        "rev": "34f41987bec14c0f3f6b2155c19787b1f6489625",
        "type": "github"
      },
      "original": {
        "owner": "tinted-theming",
        "repo": "base16-helix",
        "type": "github"
      }
    },
    "base16-kitty": {
      "flake": false,
      "locked": {
        "lastModified": 1665001328,
        "narHash": "sha256-aRaizTYPpuWEcvoYE9U+YRX+Wsc8+iG0guQJbvxEdJY=",
        "owner": "kdrag0n",
        "repo": "base16-kitty",
        "rev": "06bb401fa9a0ffb84365905ffbb959ae5bf40805",
        "type": "github"
      },
      "original": {
        "owner": "kdrag0n",
        "repo": "base16-kitty",
        "type": "github"
      }
    },
    "base16-tmux": {
      "flake": false,
      "locked": {
        "lastModified": 1696725902,
        "narHash": "sha256-wDPg5elZPcQpu7Df0lI5O8Jv4A3T6jUQIVg63KDU+3Q=",
        "owner": "tinted-theming",
        "repo": "base16-tmux",
        "rev": "c02050bebb60dbb20cb433cd4d8ce668ecc11ba7",
        "type": "github"
      },
      "original": {
        "owner": "tinted-theming",
        "repo": "base16-tmux",
        "type": "github"
      }
    },
    "base16-vim": {
      "flake": false,
      "locked": {
        "lastModified": 1716150083,
        "narHash": "sha256-ZMhnNmw34ogE5rJZrjRv5MtG3WaqKd60ds2VXvT6hEc=",
        "owner": "tinted-theming",
        "repo": "base16-vim",
        "rev": "6e955d704d046b0dc3e5c2d68a2a6eeffd2b5d3d",
        "type": "github"
      },
      "original": {
        "owner": "tinted-theming",
        "repo": "base16-vim",
        "type": "github"
      }
    },
    "chaotic": {
      "inputs": {
        "fenix": "fenix",
        "flake-schemas": "flake-schemas",
        "home-manager": "home-manager",
        "jovian": "jovian",
        "nixpkgs": "nixpkgs"
      },
      "locked": {
        "lastModified": 1725979332,
        "narHash": "sha256-+SfmdSqkmYmOOMCQqllx6yuL0jVK+WojDKtxNRy6B6E=",
        "owner": "chaotic-cx",
        "repo": "nyx",
        "rev": "cdf56675d380775258f8971778719ff5ce4d18a0",
        "type": "github"
      },
      "original": {
        "owner": "chaotic-cx",
        "ref": "nyxpkgs-unstable",
        "repo": "nyx",
        "type": "github"
      }
    },
    "crane": {
      "inputs": {
        "nixpkgs": [
          "lanzaboote",
          "nixpkgs"
        ]
      },
      "locked": {
        "lastModified": 1721842668,
        "narHash": "sha256-k3oiD2z2AAwBFLa4+xfU+7G5fisRXfkvrMTCJrjZzXo=",
        "owner": "ipetkov",
        "repo": "crane",
        "rev": "529c1a0b1f29f0d78fa3086b8f6a134c71ef3aaf",
        "type": "github"
      },
      "original": {
        "owner": "ipetkov",
        "repo": "crane",
        "type": "github"
      }
    },
    "daeuniverse": {
      "inputs": {
        "devshell": "devshell",
        "flake-parts": "flake-parts",
        "nix-eval-jobs": "nix-eval-jobs",
        "nixpkgs": "nixpkgs_4",
        "pre-commit-hooks": "pre-commit-hooks"
      },
      "locked": {
        "lastModified": 1725982417,
        "narHash": "sha256-KTFjhOCAxxJ0u712DyDzHBFzACL9wB4FQm1zyxgbTmQ=",
        "owner": "daeuniverse",
        "repo": "flake.nix",
        "rev": "2b6490c5889ef46081c0168bf3e6fc3c021abfcf",
        "type": "github"
      },
      "original": {
        "owner": "daeuniverse",
        "ref": "unstable",
        "repo": "flake.nix",
        "type": "github"
      }
    },
    "devshell": {
      "inputs": {
        "flake-utils": "flake-utils",
        "nixpkgs": "nixpkgs_2"
      },
      "locked": {
        "lastModified": 1717408969,
        "narHash": "sha256-Q0OEFqe35fZbbRPPRdrjTUUChKVhhWXz3T9ZSKmaoVY=",
        "owner": "numtide",
        "repo": "devshell",
        "rev": "1ebbe68d57457c8cae98145410b164b5477761f4",
        "type": "github"
      },
      "original": {
        "owner": "numtide",
        "repo": "devshell",
        "type": "github"
      }
    },
    "fenix": {
      "inputs": {
        "nixpkgs": [
          "chaotic",
          "nixpkgs"
        ],
        "rust-analyzer-src": "rust-analyzer-src"
      },
      "locked": {
        "lastModified": 1725863722,
        "narHash": "sha256-YBcCMVp9RrN2rgqhsMhpu/iw7L8z17N4fp4A129IZ3w=",
        "owner": "nix-community",
        "repo": "fenix",
        "rev": "c30b094741641eef4a7200a5d52a8a16f0f345c6",
        "type": "github"
      },
      "original": {
        "owner": "nix-community",
        "repo": "fenix",
        "type": "github"
      }
    },
    "flake-compat": {
      "flake": false,
      "locked": {
        "lastModified": 1696426674,
        "narHash": "sha256-kvjfFW7WAETZlt09AgDn1MrtKzP7t90Vf7vypd3OL1U=",
        "owner": "edolstra",
        "repo": "flake-compat",
        "rev": "0f9255e01c2351cc7d116c072cb317785dd33b33",
        "type": "github"
      },
      "original": {
        "owner": "edolstra",
        "repo": "flake-compat",
        "type": "github"
      }
    },
    "flake-compat_2": {
      "flake": false,
      "locked": {
        "lastModified": 1696426674,
        "narHash": "sha256-kvjfFW7WAETZlt09AgDn1MrtKzP7t90Vf7vypd3OL1U=",
        "owner": "edolstra",
        "repo": "flake-compat",
        "rev": "0f9255e01c2351cc7d116c072cb317785dd33b33",
        "type": "github"
      },
      "original": {
        "owner": "edolstra",
        "repo": "flake-compat",
        "type": "github"
      }
    },
    "flake-compat_3": {
      "flake": false,
      "locked": {
        "lastModified": 1696426674,
        "narHash": "sha256-kvjfFW7WAETZlt09AgDn1MrtKzP7t90Vf7vypd3OL1U=",
        "owner": "edolstra",
        "repo": "flake-compat",
        "rev": "0f9255e01c2351cc7d116c072cb317785dd33b33",
        "type": "github"
      },
      "original": {
        "owner": "edolstra",
        "repo": "flake-compat",
        "type": "github"
      }
    },
    "flake-compat_4": {
      "flake": false,
      "locked": {
        "lastModified": 1696426674,
        "narHash": "sha256-kvjfFW7WAETZlt09AgDn1MrtKzP7t90Vf7vypd3OL1U=",
        "owner": "edolstra",
        "repo": "flake-compat",
        "rev": "0f9255e01c2351cc7d116c072cb317785dd33b33",
        "type": "github"
      },
      "original": {
        "owner": "edolstra",
        "repo": "flake-compat",
        "type": "github"
      }
    },
    "flake-compat_5": {
      "flake": false,
      "locked": {
        "lastModified": 1696426674,
        "narHash": "sha256-kvjfFW7WAETZlt09AgDn1MrtKzP7t90Vf7vypd3OL1U=",
        "owner": "edolstra",
        "repo": "flake-compat",
        "rev": "0f9255e01c2351cc7d116c072cb317785dd33b33",
        "type": "github"
      },
      "original": {
        "owner": "edolstra",
        "repo": "flake-compat",
        "type": "github"
      }
    },
    "flake-compat_6": {
      "flake": false,
      "locked": {
        "lastModified": 1696426674,
        "narHash": "sha256-kvjfFW7WAETZlt09AgDn1MrtKzP7t90Vf7vypd3OL1U=",
        "owner": "edolstra",
        "repo": "flake-compat",
        "rev": "0f9255e01c2351cc7d116c072cb317785dd33b33",
        "type": "github"
      },
      "original": {
        "owner": "edolstra",
        "repo": "flake-compat",
        "type": "github"
      }
    },
    "flake-compat_7": {
      "flake": false,
      "locked": {
        "lastModified": 1696426674,
        "narHash": "sha256-kvjfFW7WAETZlt09AgDn1MrtKzP7t90Vf7vypd3OL1U=",
        "owner": "edolstra",
        "repo": "flake-compat",
        "rev": "0f9255e01c2351cc7d116c072cb317785dd33b33",
        "type": "github"
      },
      "original": {
        "owner": "edolstra",
        "repo": "flake-compat",
        "type": "github"
      }
    },
    "flake-compat_8": {
      "flake": false,
      "locked": {
        "lastModified": 1673956053,
        "narHash": "sha256-4gtG9iQuiKITOjNQQeQIpoIB6b16fm+504Ch3sNKLd8=",
        "owner": "edolstra",
        "repo": "flake-compat",
        "rev": "35bb57c0c8d8b62bbfd284272c928ceb64ddbde9",
        "type": "github"
      },
      "original": {
        "owner": "edolstra",
        "repo": "flake-compat",
        "type": "github"
      }
    },
    "flake-compat_9": {
      "flake": false,
      "locked": {
        "lastModified": 1696426674,
        "narHash": "sha256-kvjfFW7WAETZlt09AgDn1MrtKzP7t90Vf7vypd3OL1U=",
        "owner": "edolstra",
        "repo": "flake-compat",
        "rev": "0f9255e01c2351cc7d116c072cb317785dd33b33",
        "type": "github"
      },
      "original": {
        "owner": "edolstra",
        "repo": "flake-compat",
        "type": "github"
      }
    },
    "flake-parts": {
      "inputs": {
        "nixpkgs-lib": "nixpkgs-lib"
      },
      "locked": {
        "lastModified": 1719994518,
        "narHash": "sha256-pQMhCCHyQGRzdfAkdJ4cIWiw+JNuWsTX7f0ZYSyz0VY=",
        "owner": "hercules-ci",
        "repo": "flake-parts",
        "rev": "9227223f6d922fee3c7b190b2cc238a99527bbb7",
        "type": "github"
      },
      "original": {
        "id": "flake-parts",
        "type": "indirect"
      }
    },
    "flake-parts_2": {
      "inputs": {
        "nixpkgs-lib": [
          "daeuniverse",
          "nix-eval-jobs",
          "nixpkgs"
        ]
      },
      "locked": {
        "lastModified": 1719994518,
        "narHash": "sha256-pQMhCCHyQGRzdfAkdJ4cIWiw+JNuWsTX7f0ZYSyz0VY=",
        "owner": "hercules-ci",
        "repo": "flake-parts",
        "rev": "9227223f6d922fee3c7b190b2cc238a99527bbb7",
        "type": "github"
      },
      "original": {
        "owner": "hercules-ci",
        "repo": "flake-parts",
        "type": "github"
      }
    },
    "flake-parts_3": {
      "inputs": {
        "nixpkgs-lib": "nixpkgs-lib_2"
      },
      "locked": {
        "lastModified": 1725234343,
        "narHash": "sha256-+ebgonl3NbiKD2UD0x4BszCZQ6sTfL4xioaM49o5B3Y=",
        "owner": "hercules-ci",
        "repo": "flake-parts",
        "rev": "567b938d64d4b4112ee253b9274472dc3a346eb6",
        "type": "github"
      },
      "original": {
        "owner": "hercules-ci",
        "repo": "flake-parts",
        "type": "github"
      }
    },
    "flake-parts_4": {
      "inputs": {
        "nixpkgs-lib": [
          "lanzaboote",
          "nixpkgs"
        ]
      },
      "locked": {
        "lastModified": 1719994518,
        "narHash": "sha256-pQMhCCHyQGRzdfAkdJ4cIWiw+JNuWsTX7f0ZYSyz0VY=",
        "owner": "hercules-ci",
        "repo": "flake-parts",
        "rev": "9227223f6d922fee3c7b190b2cc238a99527bbb7",
        "type": "github"
      },
      "original": {
        "owner": "hercules-ci",
        "repo": "flake-parts",
        "type": "github"
      }
    },
    "flake-parts_5": {
      "inputs": {
        "nixpkgs-lib": [
          "neovim-nightly-overlay",
          "nixpkgs"
        ]
      },
      "locked": {
        "lastModified": 1725234343,
        "narHash": "sha256-+ebgonl3NbiKD2UD0x4BszCZQ6sTfL4xioaM49o5B3Y=",
        "owner": "hercules-ci",
        "repo": "flake-parts",
        "rev": "567b938d64d4b4112ee253b9274472dc3a346eb6",
        "type": "github"
      },
      "original": {
        "owner": "hercules-ci",
        "repo": "flake-parts",
        "type": "github"
      }
    },
    "flake-parts_6": {
      "inputs": {
        "nixpkgs-lib": [
          "neovim-nightly-overlay",
          "hercules-ci-effects",
          "nixpkgs"
        ]
      },
      "locked": {
        "lastModified": 1712014858,
        "narHash": "sha256-sB4SWl2lX95bExY2gMFG5HIzvva5AVMJd4Igm+GpZNw=",
        "owner": "hercules-ci",
        "repo": "flake-parts",
        "rev": "9126214d0a59633752a136528f5f3b9aa8565b7d",
        "type": "github"
      },
      "original": {
        "id": "flake-parts",
        "type": "indirect"
      }
    },
    "flake-schemas": {
      "locked": {
        "lastModified": 1721999734,
        "narHash": "sha256-G5CxYeJVm4lcEtaO87LKzOsVnWeTcHGKbKxNamNWgOw=",
        "rev": "0a5c42297d870156d9c57d8f99e476b738dcd982",
        "revCount": 75,
        "type": "tarball",
        "url": "https://api.flakehub.com/f/pinned/DeterminateSystems/flake-schemas/0.1.5/0190ef2f-61e0-794b-ba14-e82f225e55e6/source.tar.gz"
      },
      "original": {
        "type": "tarball",
        "url": "https://flakehub.com/f/DeterminateSystems/flake-schemas/%3D0.1.5.tar.gz"
      }
    },
    "flake-utils": {
      "inputs": {
        "systems": "systems"
      },
      "locked": {
        "lastModified": 1701680307,
        "narHash": "sha256-kAuep2h5ajznlPMD9rnQyffWG8EM/C73lejGofXvdM8=",
        "owner": "numtide",
        "repo": "flake-utils",
        "rev": "4022d587cbbfd70fe950c1e2083a02621806a725",
        "type": "github"
      },
      "original": {
        "owner": "numtide",
        "repo": "flake-utils",
        "type": "github"
      }
    },
    "flake-utils_2": {
      "inputs": {
        "systems": "systems_2"
      },
      "locked": {
        "lastModified": 1710146030,
        "narHash": "sha256-SZ5L6eA7HJ/nmkzGG7/ISclqe6oZdOZTNoesiInkXPQ=",
        "owner": "numtide",
        "repo": "flake-utils",
        "rev": "b1d9ab70662946ef0850d488da1c9019f3a9752a",
        "type": "github"
      },
      "original": {
        "owner": "numtide",
        "repo": "flake-utils",
        "type": "github"
      }
    },
    "flake-utils_3": {
      "inputs": {
        "systems": [
          "stylix",
          "systems"
        ]
      },
      "locked": {
        "lastModified": 1710146030,
        "narHash": "sha256-SZ5L6eA7HJ/nmkzGG7/ISclqe6oZdOZTNoesiInkXPQ=",
        "owner": "numtide",
        "repo": "flake-utils",
        "rev": "b1d9ab70662946ef0850d488da1c9019f3a9752a",
        "type": "github"
      },
      "original": {
        "owner": "numtide",
        "repo": "flake-utils",
        "type": "github"
      }
    },
    "flake-utils_4": {
      "inputs": {
        "systems": "systems_4"
      },
      "locked": {
        "lastModified": 1705309234,
        "narHash": "sha256-uNRRNRKmJyCRC/8y1RqBkqWBLM034y4qN7EprSdmgyA=",
        "owner": "numtide",
        "repo": "flake-utils",
        "rev": "1ef2e671c3b0c19053962c07dbda38332dcebf26",
        "type": "github"
      },
      "original": {
        "owner": "numtide",
        "repo": "flake-utils",
        "type": "github"
      }
    },
    "fromYaml": {
      "flake": false,
      "locked": {
        "lastModified": 1689549921,
        "narHash": "sha256-iX0pk/uB019TdBGlaJEWvBCfydT6sRq+eDcGPifVsCM=",
        "owner": "SenchoPens",
        "repo": "fromYaml",
        "rev": "11fbbbfb32e3289d3c631e0134a23854e7865c84",
        "type": "github"
      },
      "original": {
        "owner": "SenchoPens",
        "repo": "fromYaml",
        "type": "github"
      }
    },
    "git-hooks": {
      "inputs": {
        "flake-compat": "flake-compat_4",
        "gitignore": "gitignore_3",
        "nixpkgs": [
          "neovim-nightly-overlay",
          "nixpkgs"
        ],
        "nixpkgs-stable": [
          "neovim-nightly-overlay",
          "nixpkgs"
        ]
      },
      "locked": {
        "lastModified": 1725513492,
        "narHash": "sha256-tyMUA6NgJSvvQuzB7A1Sf8+0XCHyfSPRx/b00o6K0uo=",
        "owner": "cachix",
        "repo": "git-hooks.nix",
        "rev": "7570de7b9b504cfe92025dd1be797bf546f66528",
        "type": "github"
      },
      "original": {
        "owner": "cachix",
        "repo": "git-hooks.nix",
        "type": "github"
      }
    },
    "gitignore": {
      "inputs": {
        "nixpkgs": [
          "daeuniverse",
          "pre-commit-hooks",
          "nixpkgs"
        ]
      },
      "locked": {
        "lastModified": 1709087332,
        "narHash": "sha256-HG2cCnktfHsKV0s4XW83gU3F57gaTljL9KNSuG6bnQs=",
        "owner": "hercules-ci",
        "repo": "gitignore.nix",
        "rev": "637db329424fd7e46cf4185293b9cc8c88c95394",
        "type": "github"
      },
      "original": {
        "owner": "hercules-ci",
        "repo": "gitignore.nix",
        "type": "github"
      }
    },
    "gitignore_2": {
      "inputs": {
        "nixpkgs": [
          "lanzaboote",
          "pre-commit-hooks-nix",
          "nixpkgs"
        ]
      },
      "locked": {
        "lastModified": 1709087332,
        "narHash": "sha256-HG2cCnktfHsKV0s4XW83gU3F57gaTljL9KNSuG6bnQs=",
        "owner": "hercules-ci",
        "repo": "gitignore.nix",
        "rev": "637db329424fd7e46cf4185293b9cc8c88c95394",
        "type": "github"
      },
      "original": {
        "owner": "hercules-ci",
        "repo": "gitignore.nix",
        "type": "github"
      }
    },
    "gitignore_3": {
      "inputs": {
        "nixpkgs": [
          "neovim-nightly-overlay",
          "git-hooks",
          "nixpkgs"
        ]
      },
      "locked": {
        "lastModified": 1709087332,
        "narHash": "sha256-HG2cCnktfHsKV0s4XW83gU3F57gaTljL9KNSuG6bnQs=",
        "owner": "hercules-ci",
        "repo": "gitignore.nix",
        "rev": "637db329424fd7e46cf4185293b9cc8c88c95394",
        "type": "github"
      },
      "original": {
        "owner": "hercules-ci",
        "repo": "gitignore.nix",
        "type": "github"
      }
    },
    "gitignore_4": {
      "inputs": {
        "nixpkgs": [
          "pre-commit-hooks",
          "nixpkgs"
        ]
      },
      "locked": {
        "lastModified": 1709087332,
        "narHash": "sha256-HG2cCnktfHsKV0s4XW83gU3F57gaTljL9KNSuG6bnQs=",
        "owner": "hercules-ci",
        "repo": "gitignore.nix",
        "rev": "637db329424fd7e46cf4185293b9cc8c88c95394",
        "type": "github"
      },
      "original": {
        "owner": "hercules-ci",
        "repo": "gitignore.nix",
        "type": "github"
      }
    },
    "gnome-shell": {
      "flake": false,
      "locked": {
        "lastModified": 1713702291,
        "narHash": "sha256-zYP1ehjtcV8fo+c+JFfkAqktZ384Y+y779fzmR9lQAU=",
        "owner": "GNOME",
        "repo": "gnome-shell",
        "rev": "0d0aadf013f78a7f7f1dc984d0d812971864b934",
        "type": "github"
      },
      "original": {
        "owner": "GNOME",
        "ref": "46.1",
        "repo": "gnome-shell",
        "type": "github"
      }
    },
    "hercules-ci-effects": {
      "inputs": {
        "flake-parts": "flake-parts_6",
        "nixpkgs": [
          "neovim-nightly-overlay",
          "nixpkgs"
        ]
      },
      "locked": {
        "lastModified": 1724947644,
        "narHash": "sha256-MHHrHasTngp7EYQOObHJ1a/IsRF+wodHqOckhH6uZbk=",
        "owner": "hercules-ci",
        "repo": "hercules-ci-effects",
        "rev": "dba4367b9a9d9615456c430a6d6af716f6e84cef",
        "type": "github"
      },
      "original": {
        "owner": "hercules-ci",
        "repo": "hercules-ci-effects",
        "type": "github"
      }
    },
    "home-manager": {
      "inputs": {
        "nixpkgs": [
          "chaotic",
          "nixpkgs"
        ]
      },
      "locked": {
        "lastModified": 1725893417,
        "narHash": "sha256-fj2LxTZAncL/s5NrtXe1nLfO0XDvRixtCu3kmV9jDPw=",
        "owner": "nix-community",
        "repo": "home-manager",
        "rev": "10541f19c584fe9633c921903d8c095d5411e041",
        "type": "github"
      },
      "original": {
        "owner": "nix-community",
        "repo": "home-manager",
        "type": "github"
      }
    },
    "home-manager_2": {
      "inputs": {
        "nixpkgs": [
          "nixpkgs"
        ]
      },
      "locked": {
        "lastModified": 1726036828,
        "narHash": "sha256-ZQHbpyti0jcAKnwQY1lwmooecLmSG6wX1JakQ/eZNeM=",
        "owner": "nix-community",
        "repo": "home-manager",
        "rev": "8a1671642826633586d12ac3158e463c7a50a112",
        "type": "github"
      },
      "original": {
        "owner": "nix-community",
        "repo": "home-manager",
        "type": "github"
      }
    },
    "home-manager_3": {
      "inputs": {
        "nixpkgs": [
          "stylix",
          "nixpkgs"
        ]
      },
      "locked": {
        "lastModified": 1724435763,
        "narHash": "sha256-UNky3lJNGQtUEXT2OY8gMxejakSWPTfWKvpFkpFlAfM=",
        "owner": "nix-community",
        "repo": "home-manager",
        "rev": "c2cd2a52e02f1dfa1c88f95abeb89298d46023be",
        "type": "github"
      },
      "original": {
        "owner": "nix-community",
        "repo": "home-manager",
        "type": "github"
      }
    },
    "jovian": {
      "inputs": {
        "nix-github-actions": "nix-github-actions",
        "nixpkgs": [
          "chaotic",
          "nixpkgs"
        ]
      },
      "locked": {
        "lastModified": 1725600800,
        "narHash": "sha256-wst7p3RZ9kZUNzN22d27wU8YSBB7Grlx6Q03A7boRaU=",
        "owner": "Jovian-Experiments",
        "repo": "Jovian-NixOS",
        "rev": "2d050e65a71e02a1f19d1a35c086bd2e3dfb2cdb",
        "type": "github"
      },
      "original": {
        "owner": "Jovian-Experiments",
        "repo": "Jovian-NixOS",
        "type": "github"
      }
    },
    "lanzaboote": {
      "inputs": {
        "crane": "crane",
        "flake-compat": "flake-compat_2",
        "flake-parts": "flake-parts_4",
        "nixpkgs": [
          "nixpkgs"
        ],
        "pre-commit-hooks-nix": "pre-commit-hooks-nix",
        "rust-overlay": "rust-overlay"
      },
      "locked": {
        "lastModified": 1725379389,
        "narHash": "sha256-qS1H/5/20ewJIXmf8FN2A5KTOKKU9elWvCPwdBi1P/U=",
        "owner": "nix-community",
        "repo": "lanzaboote",
        "rev": "e7bd94e0b5ff3c1e686f2101004ebf4fcea9d871",
        "type": "github"
      },
      "original": {
        "owner": "nix-community",
        "repo": "lanzaboote",
        "type": "github"
      }
    },
    "neovim-nightly-overlay": {
      "inputs": {
        "flake-compat": "flake-compat_3",
        "flake-parts": "flake-parts_5",
        "git-hooks": "git-hooks",
        "hercules-ci-effects": "hercules-ci-effects",
        "neovim-src": "neovim-src",
        "nixpkgs": "nixpkgs_5"
      },
      "locked": {
        "lastModified": 1726033247,
        "narHash": "sha256-4sDJ53nfQzA425K/iBZIBwoIBJYqIWmIMV3rT6Mpzak=",
        "owner": "nix-community",
        "repo": "neovim-nightly-overlay",
        "rev": "336d665707f30a42bd9b99f472d91a6aa286aca6",
        "type": "github"
      },
      "original": {
        "owner": "nix-community",
        "repo": "neovim-nightly-overlay",
        "type": "github"
      }
    },
    "neovim-src": {
      "flake": false,
      "locked": {
        "lastModified": 1726011067,
        "narHash": "sha256-naWfBYC6bMs3fKvYQXQiBmk13NsPZDf3ZHLHmZjWn/g=",
        "owner": "neovim",
        "repo": "neovim",
        "rev": "15bfdf73ea17e513edcec63be9ba27a5f4f12c7a",
        "type": "github"
      },
      "original": {
        "owner": "neovim",
        "repo": "neovim",
        "type": "github"
      }
    },
    "nix-eval-jobs": {
      "inputs": {
        "flake-parts": "flake-parts_2",
        "nix-github-actions": "nix-github-actions_2",
        "nixpkgs": "nixpkgs_3",
        "treefmt-nix": "treefmt-nix"
      },
      "locked": {
        "lastModified": 1721505437,
        "narHash": "sha256-sZpyyf9EiRVyEA9vUVWNxu8yI9MU0nhlEuPBL3hvC60=",
        "owner": "nix-community",
        "repo": "nix-eval-jobs",
        "rev": "2e522fb78d7613cecaf683875ab27b6c90e8a84f",
        "type": "github"
      },
      "original": {
        "owner": "nix-community",
        "repo": "nix-eval-jobs",
        "type": "github"
      }
    },
    "nix-github-actions": {
      "inputs": {
        "nixpkgs": [
          "chaotic",
          "jovian",
          "nixpkgs"
        ]
      },
      "locked": {
        "lastModified": 1690328911,
        "narHash": "sha256-fxtExYk+aGf2YbjeWQ8JY9/n9dwuEt+ma1eUFzF8Jeo=",
        "owner": "zhaofengli",
        "repo": "nix-github-actions",
        "rev": "96df4a39c52f53cb7098b923224d8ce941b64747",
        "type": "github"
      },
      "original": {
        "owner": "zhaofengli",
        "ref": "matrix-name",
        "repo": "nix-github-actions",
        "type": "github"
      }
    },
    "nix-github-actions_2": {
      "inputs": {
        "nixpkgs": [
          "daeuniverse",
          "nix-eval-jobs",
          "nixpkgs"
        ]
      },
      "locked": {
        "lastModified": 1720066371,
        "narHash": "sha256-uPlLYH2S0ACj0IcgaK9Lsf4spmJoGejR9DotXiXSBZQ=",
        "owner": "nix-community",
        "repo": "nix-github-actions",
        "rev": "622f829f5fe69310a866c8a6cd07e747c44ef820",
        "type": "github"
      },
      "original": {
        "owner": "nix-community",
        "repo": "nix-github-actions",
        "type": "github"
      }
    },
    "nix-matlab": {
      "inputs": {
        "flake-compat": "flake-compat_5",
        "nixpkgs": [
          "nixpkgs"
        ]
      },
      "locked": {
        "lastModified": 1725983031,
        "narHash": "sha256-hZBkqDtO3W+K2cum9XroPlFBkAkbfFJR9PgnRYwxfnI=",
        "owner": "doronbehar",
        "repo": "nix-matlab",
        "rev": "7e33e79bcd8676060119a747abf152edb94f8675",
        "type": "gitlab"
      },
      "original": {
        "owner": "doronbehar",
        "repo": "nix-matlab",
        "type": "gitlab"
      }
    },
    "nixpkgs": {
      "locked": {
        "lastModified": 1725634671,
        "narHash": "sha256-v3rIhsJBOMLR8e/RNWxr828tB+WywYIoajrZKFM+0Gg=",
        "owner": "NixOS",
        "repo": "nixpkgs",
        "rev": "574d1eac1c200690e27b8eb4e24887f8df7ac27c",
        "type": "github"
      },
      "original": {
        "owner": "NixOS",
        "ref": "nixos-unstable",
        "repo": "nixpkgs",
        "type": "github"
      }
    },
    "nixpkgs-lib": {
      "locked": {
        "lastModified": 1719876945,
        "narHash": "sha256-Fm2rDDs86sHy0/1jxTOKB1118Q0O3Uc7EC0iXvXKpbI=",
        "type": "tarball",
        "url": "https://github.com/NixOS/nixpkgs/archive/5daf0514482af3f97abaefc78a6606365c9108e2.tar.gz"
      },
      "original": {
        "type": "tarball",
        "url": "https://github.com/NixOS/nixpkgs/archive/5daf0514482af3f97abaefc78a6606365c9108e2.tar.gz"
      }
    },
    "nixpkgs-lib_2": {
      "locked": {
        "lastModified": 1725233747,
        "narHash": "sha256-Ss8QWLXdr2JCBPcYChJhz4xJm+h/xjl4G0c0XlP6a74=",
        "type": "tarball",
        "url": "https://github.com/NixOS/nixpkgs/archive/356624c12086a18f2ea2825fed34523d60ccc4e3.tar.gz"
      },
      "original": {
        "type": "tarball",
        "url": "https://github.com/NixOS/nixpkgs/archive/356624c12086a18f2ea2825fed34523d60ccc4e3.tar.gz"
      }
    },
    "nixpkgs-stable": {
      "locked": {
        "lastModified": 1720386169,
        "narHash": "sha256-NGKVY4PjzwAa4upkGtAMz1npHGoRzWotlSnVlqI40mo=",
        "owner": "NixOS",
        "repo": "nixpkgs",
        "rev": "194846768975b7ad2c4988bdb82572c00222c0d7",
        "type": "github"
      },
      "original": {
        "owner": "NixOS",
        "ref": "nixos-24.05",
        "repo": "nixpkgs",
        "type": "github"
      }
    },
    "nixpkgs-stable_2": {
      "locked": {
        "lastModified": 1720386169,
        "narHash": "sha256-NGKVY4PjzwAa4upkGtAMz1npHGoRzWotlSnVlqI40mo=",
        "owner": "NixOS",
        "repo": "nixpkgs",
        "rev": "194846768975b7ad2c4988bdb82572c00222c0d7",
        "type": "github"
      },
      "original": {
        "owner": "NixOS",
        "ref": "nixos-24.05",
        "repo": "nixpkgs",
        "type": "github"
      }
    },
    "nixpkgs-stable_3": {
      "locked": {
        "lastModified": 1725930920,
        "narHash": "sha256-RVhD9hnlTT2nJzPHlAqrWqCkA7T6CYrP41IoVRkciZM=",
        "owner": "nixos",
        "repo": "nixpkgs",
        "rev": "44a71ff39c182edaf25a7ace5c9454e7cba2c658",
        "type": "github"
      },
      "original": {
        "owner": "nixos",
        "ref": "nixos-24.05",
        "repo": "nixpkgs",
        "type": "github"
      }
    },
    "nixpkgs-stable_4": {
      "locked": {
        "lastModified": 1720386169,
        "narHash": "sha256-NGKVY4PjzwAa4upkGtAMz1npHGoRzWotlSnVlqI40mo=",
        "owner": "NixOS",
        "repo": "nixpkgs",
        "rev": "194846768975b7ad2c4988bdb82572c00222c0d7",
        "type": "github"
      },
      "original": {
        "owner": "NixOS",
        "ref": "nixos-24.05",
        "repo": "nixpkgs",
        "type": "github"
      }
    },
    "nixpkgs-stable_5": {
      "locked": {
        "lastModified": 1725762081,
        "narHash": "sha256-vNv+aJUW5/YurRy1ocfvs4q/48yVESwlC/yHzjkZSP8=",
        "owner": "NixOS",
        "repo": "nixpkgs",
        "rev": "dc454045f5b5d814e5862a6d057e7bb5c29edc05",
        "type": "github"
      },
      "original": {
        "owner": "NixOS",
        "ref": "release-24.05",
        "repo": "nixpkgs",
        "type": "github"
      }
    },
    "nixpkgs-un": {
      "locked": {
        "lastModified": 1725983898,
        "narHash": "sha256-4b3A9zPpxAxLnkF9MawJNHDtOOl6ruL0r6Og1TEDGCE=",
        "owner": "NixOS",
        "repo": "nixpkgs",
        "rev": "1355a0cbfeac61d785b7183c0caaec1f97361b43",
        "type": "github"
      },
      "original": {
        "owner": "NixOS",
        "ref": "nixos-unstable",
        "repo": "nixpkgs",
        "type": "github"
      }
    },
    "nixpkgs_2": {
      "locked": {
        "lastModified": 1704161960,
        "narHash": "sha256-QGua89Pmq+FBAro8NriTuoO/wNaUtugt29/qqA8zeeM=",
        "owner": "NixOS",
        "repo": "nixpkgs",
        "rev": "63143ac2c9186be6d9da6035fa22620018c85932",
        "type": "github"
      },
      "original": {
        "owner": "NixOS",
        "ref": "nixpkgs-unstable",
        "repo": "nixpkgs",
        "type": "github"
      }
    },
    "nixpkgs_3": {
      "locked": {
        "lastModified": 1720781449,
        "narHash": "sha256-po3TZO9kcZwzvkyMJKb0WCzzDtiHWD34XeRaX1lWXp0=",
        "owner": "NixOS",
        "repo": "nixpkgs",
        "rev": "8b5a3d5a1d951344d683b442c0739010b80039db",
        "type": "github"
      },
      "original": {
        "owner": "NixOS",
        "ref": "nixpkgs-unstable",
        "repo": "nixpkgs",
        "type": "github"
      }
    },
    "nixpkgs_4": {
      "locked": {
        "lastModified": 1721379653,
        "narHash": "sha256-8MUgifkJ7lkZs3u99UDZMB4kbOxvMEXQZ31FO3SopZ0=",
        "owner": "NixOS",
        "repo": "nixpkgs",
        "rev": "1d9c2c9b3e71b9ee663d11c5d298727dace8d374",
        "type": "github"
      },
      "original": {
        "owner": "NixOS",
        "ref": "nixos-unstable",
        "repo": "nixpkgs",
        "type": "github"
      }
    },
    "nixpkgs_5": {
      "locked": {
        "lastModified": 1725910328,
        "narHash": "sha256-n9pCtzGZ0httmTwMuEbi5E78UQ4ZbQMr1pzi5N0LAG8=",
        "owner": "NixOS",
        "repo": "nixpkgs",
        "rev": "5775c2583f1801df7b790bf7f7d710a19bac66f4",
        "type": "github"
      },
      "original": {
        "owner": "NixOS",
        "ref": "nixpkgs-unstable",
        "repo": "nixpkgs",
        "type": "github"
      }
    },
    "nixpkgs_6": {
      "locked": {
        "lastModified": 1726033636,
        "narHash": "sha256-U5BSY461QUg9x0fatmPSczjVpszOJTdJWQVmFTxt9LU=",
        "owner": "NixOS",
        "repo": "nixpkgs",
        "rev": "62f0186c41a3f1398e3e025f7dc0ccc603482d5a",
        "type": "github"
      },
      "original": {
        "owner": "NixOS",
        "ref": "nixos-unstable-small",
        "repo": "nixpkgs",
        "type": "github"
      }
    },
    "nixpkgs_7": {
      "locked": {
        "lastModified": 1725534445,
        "narHash": "sha256-Yd0FK9SkWy+ZPuNqUgmVPXokxDgMJoGuNpMEtkfcf84=",
        "owner": "NixOS",
        "repo": "nixpkgs",
        "rev": "9bb1e7571aadf31ddb4af77fc64b2d59580f9a39",
        "type": "github"
      },
      "original": {
        "owner": "NixOS",
        "ref": "nixpkgs-unstable",
        "repo": "nixpkgs",
        "type": "github"
      }
    },
    "nixpkgs_8": {
      "locked": {
        "lastModified": 1725194671,
        "narHash": "sha256-tLGCFEFTB5TaOKkpfw3iYT9dnk4awTP/q4w+ROpMfuw=",
        "owner": "NixOS",
        "repo": "nixpkgs",
        "rev": "b833ff01a0d694b910daca6e2ff4a3f26dee478c",
        "type": "github"
      },
      "original": {
        "owner": "NixOS",
        "ref": "nixpkgs-unstable",
        "repo": "nixpkgs",
        "type": "github"
      }
    },
    "nixpkgs_9": {
      "locked": {
        "lastModified": 1708161998,
        "narHash": "sha256-6KnemmUorCvlcAvGziFosAVkrlWZGIc6UNT9GUYr0jQ=",
        "owner": "NixOS",
        "repo": "nixpkgs",
        "rev": "84d981bae8b5e783b3b548de505b22880559515f",
        "type": "github"
      },
      "original": {
        "owner": "NixOS",
        "ref": "nixos-23.11",
        "repo": "nixpkgs",
        "type": "github"
      }
    },
    "nur": {
      "locked": {
        "lastModified": 1726051637,
        "narHash": "sha256-1qfp/Lu7bZD6mST4V23VFv9IOqxEvpCSFWhDlUE4mto=",
        "owner": "nix-community",
        "repo": "NUR",
        "rev": "39e2fc04c9a1b54721b06ed335ff5765ac2a2e1b",
        "type": "github"
      },
      "original": {
        "owner": "nix-community",
        "repo": "NUR",
        "type": "github"
      }
    },
    "nvfetcher": {
      "inputs": {
        "flake-compat": "flake-compat_6",
        "flake-utils": "flake-utils_2",
        "nixpkgs": [
          "nixpkgs"
        ]
      },
      "locked": {
        "lastModified": 1718252448,
        "narHash": "sha256-xZZBdKqe1ByITzvx65pVgGQ5jeb73MybjgrcfI84lEo=",
        "owner": "berberman",
        "repo": "nvfetcher",
        "rev": "fa7609950023462c6f91c425de7610c0bb6b86ba",
        "type": "github"
      },
      "original": {
        "owner": "berberman",
        "repo": "nvfetcher",
        "type": "github"
      }
    },
    "pre-commit-hooks": {
      "inputs": {
        "flake-compat": "flake-compat",
        "gitignore": "gitignore",
        "nixpkgs": [
          "daeuniverse",
          "nixpkgs"
        ],
        "nixpkgs-stable": "nixpkgs-stable"
      },
      "locked": {
        "lastModified": 1721042469,
        "narHash": "sha256-6FPUl7HVtvRHCCBQne7Ylp4p+dpP3P/OYuzjztZ4s70=",
        "owner": "cachix",
        "repo": "pre-commit-hooks.nix",
        "rev": "f451c19376071a90d8c58ab1a953c6e9840527fd",
        "type": "github"
      },
      "original": {
        "owner": "cachix",
        "repo": "pre-commit-hooks.nix",
        "type": "github"
      }
    },
    "pre-commit-hooks-nix": {
      "inputs": {
        "flake-compat": [
          "lanzaboote",
          "flake-compat"
        ],
        "gitignore": "gitignore_2",
        "nixpkgs": [
          "lanzaboote",
          "nixpkgs"
        ],
        "nixpkgs-stable": "nixpkgs-stable_2"
      },
      "locked": {
        "lastModified": 1721042469,
        "narHash": "sha256-6FPUl7HVtvRHCCBQne7Ylp4p+dpP3P/OYuzjztZ4s70=",
        "owner": "cachix",
        "repo": "pre-commit-hooks.nix",
        "rev": "f451c19376071a90d8c58ab1a953c6e9840527fd",
        "type": "github"
      },
      "original": {
        "owner": "cachix",
        "repo": "pre-commit-hooks.nix",
        "type": "github"
      }
    },
    "pre-commit-hooks_2": {
      "inputs": {
        "flake-compat": "flake-compat_7",
        "gitignore": "gitignore_4",
        "nixpkgs": [
          "nixpkgs"
        ],
        "nixpkgs-stable": "nixpkgs-stable_4"
      },
      "locked": {
        "lastModified": 1725513492,
        "narHash": "sha256-tyMUA6NgJSvvQuzB7A1Sf8+0XCHyfSPRx/b00o6K0uo=",
        "owner": "cachix",
        "repo": "pre-commit-hooks.nix",
        "rev": "7570de7b9b504cfe92025dd1be797bf546f66528",
        "type": "github"
      },
      "original": {
        "owner": "cachix",
        "repo": "pre-commit-hooks.nix",
        "type": "github"
      }
    },
    "preservation": {
      "locked": {
        "lastModified": 1725460242,
        "narHash": "sha256-9n9Ygta1MCfpbF9D88tG2B4EL5nuSz4eIOAofGSlxoE=",
        "owner": "WilliButz",
        "repo": "preservation",
        "rev": "02e731a820d05107bc648460f8630d0d80a5ffd4",
        "type": "github"
      },
      "original": {
        "owner": "WilliButz",
        "repo": "preservation",
        "type": "github"
      }
    },
    "root": {
      "inputs": {
        "chaotic": "chaotic",
        "daeuniverse": "daeuniverse",
        "flake-parts": "flake-parts_3",
        "home-manager": "home-manager_2",
        "lanzaboote": "lanzaboote",
        "neovim-nightly-overlay": "neovim-nightly-overlay",
        "nix-matlab": "nix-matlab",
        "nixpkgs": "nixpkgs_6",
        "nixpkgs-stable": "nixpkgs-stable_3",
        "nixpkgs-un": "nixpkgs-un",
        "nur": "nur",
        "nvfetcher": "nvfetcher",
        "pre-commit-hooks": "pre-commit-hooks_2",
        "preservation": "preservation",
        "sops-nix": "sops-nix",
        "stylix": "stylix",
        "zig": "zig"
      }
    },
    "rust-analyzer-src": {
      "flake": false,
      "locked": {
        "lastModified": 1725630423,
        "narHash": "sha256-gNCLk3Zg7JlAwmWbVHTH6f3+iqdeQ4fheOotCZy8x5M=",
        "owner": "rust-lang",
        "repo": "rust-analyzer",
        "rev": "08c7bbc2dbe4dcc8968484f1a0e1e6fe7a1d4f6d",
        "type": "github"
      },
      "original": {
        "owner": "rust-lang",
        "ref": "nightly",
        "repo": "rust-analyzer",
        "type": "github"
      }
    },
    "rust-overlay": {
      "inputs": {
        "nixpkgs": [
          "lanzaboote",
          "nixpkgs"
        ]
      },
      "locked": {
        "lastModified": 1722219664,
        "narHash": "sha256-xMOJ+HW4yj6e69PvieohUJ3dBSdgCfvI0nnCEe6/yVc=",
        "owner": "oxalica",
        "repo": "rust-overlay",
        "rev": "a6fbda5d9a14fb5f7c69b8489d24afeb349c7bb4",
        "type": "github"
      },
      "original": {
        "owner": "oxalica",
        "repo": "rust-overlay",
        "type": "github"
      }
    },
    "sops-nix": {
      "inputs": {
        "nixpkgs": "nixpkgs_7",
        "nixpkgs-stable": "nixpkgs-stable_5"
      },
      "locked": {
        "lastModified": 1725922448,
        "narHash": "sha256-ruvh8tlEflRPifs5tlpa0gkttzq4UtgXkJQS7FusgFE=",
        "owner": "Mic92",
        "repo": "sops-nix",
        "rev": "cede1a08039178ac12957733e97ab1006c6b6892",
        "type": "github"
      },
      "original": {
        "owner": "Mic92",
        "repo": "sops-nix",
        "type": "github"
      }
    },
    "stylix": {
      "inputs": {
        "base16": "base16",
        "base16-fish": "base16-fish",
        "base16-foot": "base16-foot",
        "base16-helix": "base16-helix",
        "base16-kitty": "base16-kitty",
        "base16-tmux": "base16-tmux",
        "base16-vim": "base16-vim",
        "flake-compat": "flake-compat_8",
        "flake-utils": "flake-utils_3",
        "gnome-shell": "gnome-shell",
        "home-manager": "home-manager_3",
        "nixpkgs": "nixpkgs_8",
        "systems": "systems_3"
      },
      "locked": {
        "lastModified": 1725290973,
        "narHash": "sha256-+jwXF9KI0HfvDgpsoJGvOdfOGGSKOrID1wQB79zjUbo=",
        "owner": "danth",
        "repo": "stylix",
        "rev": "ef81ad9e85e60420cc83d4642619c14b57139d33",
        "type": "github"
      },
      "original": {
        "owner": "danth",
        "repo": "stylix",
        "type": "github"
      }
    },
    "systems": {
      "locked": {
        "lastModified": 1681028828,
        "narHash": "sha256-Vy1rq5AaRuLzOxct8nz4T6wlgyUR7zLU309k9mBC768=",
        "owner": "nix-systems",
        "repo": "default",
        "rev": "da67096a3b9bf56a91d16901293e51ba5b49a27e",
        "type": "github"
      },
      "original": {
        "owner": "nix-systems",
        "repo": "default",
        "type": "github"
      }
    },
    "systems_2": {
      "locked": {
        "lastModified": 1681028828,
        "narHash": "sha256-Vy1rq5AaRuLzOxct8nz4T6wlgyUR7zLU309k9mBC768=",
        "owner": "nix-systems",
        "repo": "default",
        "rev": "da67096a3b9bf56a91d16901293e51ba5b49a27e",
        "type": "github"
      },
      "original": {
        "owner": "nix-systems",
        "repo": "default",
        "type": "github"
      }
    },
    "systems_3": {
      "locked": {
        "lastModified": 1681028828,
        "narHash": "sha256-Vy1rq5AaRuLzOxct8nz4T6wlgyUR7zLU309k9mBC768=",
        "owner": "nix-systems",
        "repo": "default",
        "rev": "da67096a3b9bf56a91d16901293e51ba5b49a27e",
        "type": "github"
      },
      "original": {
        "owner": "nix-systems",
        "repo": "default",
        "type": "github"
      }
    },
    "systems_4": {
      "locked": {
        "lastModified": 1681028828,
        "narHash": "sha256-Vy1rq5AaRuLzOxct8nz4T6wlgyUR7zLU309k9mBC768=",
        "owner": "nix-systems",
        "repo": "default",
        "rev": "da67096a3b9bf56a91d16901293e51ba5b49a27e",
        "type": "github"
      },
      "original": {
        "owner": "nix-systems",
        "repo": "default",
        "type": "github"
      }
    },
    "treefmt-nix": {
      "inputs": {
        "nixpkgs": [
          "daeuniverse",
          "nix-eval-jobs",
          "nixpkgs"
        ]
      },
      "locked": {
        "lastModified": 1720930114,
        "narHash": "sha256-VZK73b5hG5bSeAn97TTcnPjXUXtV7j/AtS4KN8ggCS0=",
        "owner": "numtide",
        "repo": "treefmt-nix",
        "rev": "b92afa1501ac73f1d745526adc4f89b527595f14",
        "type": "github"
      },
      "original": {
        "owner": "numtide",
        "repo": "treefmt-nix",
        "type": "github"
      }
    },
    "zig": {
      "inputs": {
        "flake-compat": "flake-compat_9",
        "flake-utils": "flake-utils_4",
        "nixpkgs": "nixpkgs_9"
      },
      "locked": {
        "lastModified": 1725883895,
        "narHash": "sha256-Nt0LE6HnWoJNSE7eo9XewYwwVm0aZQd4Rta7l+Kav1E=",
        "owner": "mitchellh",
        "repo": "zig-overlay",
        "rev": "4dedc1009bf778d0fbd9fbbddce39a696eb5fb9b",
        "type": "github"
      },
      "original": {
        "owner": "mitchellh",
        "repo": "zig-overlay",
        "type": "github"
      }
    }
  },
  "root": "root",
  "version": 7
}
