{
  "nodes": {
    "emacs-overlay": {
      "locked": {
        "lastModified": 1639915649,
        "narHash": "sha256-8ygMVY2AgS7R0/yGUyolmzdFgj6LGZ5fJyKzR1orRGI=",
        "owner": "nix-community",
        "repo": "emacs-overlay",
        "rev": "1d40515d8ca7bb3bac4b7405c4bd19b2a41f200c",
        "type": "github"
      },
      "original": {
        "owner": "nix-community",
        "ref": "master",
        "repo": "emacs-overlay",
        "type": "github"
      }
    },
    "flake-utils": {
      "locked": {
        "lastModified": 1623875721,
        "narHash": "sha256-A8BU7bjS5GirpAUv4QA+QnJ4CceLHkcXdRp4xITDB0s=",
        "owner": "numtide",
        "repo": "flake-utils",
        "rev": "f7e004a55b120c02ecb6219596820fcd32ca8772",
        "type": "github"
      },
      "original": {
        "owner": "numtide",
        "ref": "master",
        "repo": "flake-utils",
        "type": "github"
      }
    },
    "home-manager": {
      "inputs": {
        "nixpkgs": [
          "nixpkgs"
        ]
      },
      "locked": {
        "lastModified": 1640126586,
        "narHash": "sha256-Brja0wQZFSl+hduOcBfE/oVPs0QattbILSMHC7/9fEg=",
        "owner": "nix-community",
        "repo": "home-manager",
        "rev": "1b03a8ab7af9385b70b7d7c319c4a31a58c5cfa5",
        "type": "github"
      },
      "original": {
        "owner": "nix-community",
        "ref": "master",
        "repo": "home-manager",
        "type": "github"
      }
    },
    "nixos-hardware": {
      "locked": {
        "lastModified": 1627212500,
        "narHash": "sha256-KMUQCT3JSqznp+dR6BTvbwLqPFErjNlotVpkp/P/ZmM=",
        "owner": "NixOS",
        "repo": "nixos-hardware",
        "rev": "03e7686c72345f237405c0b46b153dccd3ec9913",
        "type": "github"
      },
      "original": {
        "owner": "NixOS",
        "ref": "master",
        "repo": "nixos-hardware",
        "type": "github"
      }
    },
    "nixpkgs": {
      "locked": {
        "lastModified": 1640139330,
        "narHash": "sha256-Nkp3wUOGwtoQ7EH28RLVJ7EqB/e0TU7VcsM7GLy+SdY=",
        "owner": "NixOS",
        "repo": "nixpkgs",
        "rev": "81cef6b70fb5d5cdba5a0fef3f714c2dadaf0d6d",
        "type": "github"
      },
      "original": {
        "owner": "NixOS",
        "ref": "nixos-unstable",
        "repo": "nixpkgs",
        "type": "github"
      }
    },
    "nixpkgs-unstable-small": {
      "locked": {
        "lastModified": 1640167347,
        "narHash": "sha256-R8S7K9a7gIHup4h8loKiAGdxhX5Z2tus+sOE2wQGNqk=",
        "owner": "NixOS",
        "repo": "nixpkgs",
        "rev": "3a13552f56dccb1ce312d9977d49a21651945f46",
        "type": "github"
      },
      "original": {
        "owner": "NixOS",
        "ref": "nixos-unstable-small",
        "repo": "nixpkgs",
        "type": "github"
      }
    },
    "root": {
      "inputs": {
        "emacs-overlay": "emacs-overlay",
        "flake-utils": "flake-utils",
        "home-manager": "home-manager",
        "nixos-hardware": "nixos-hardware",
        "nixpkgs": "nixpkgs",
        "nixpkgs-unstable-small": "nixpkgs-unstable-small"
      }
    }
  },
  "root": "root",
  "version": 7
}
