{
  "nodes": {
    "nixpkgs": {
      "locked": {
        "lastModified": 1744501611,
        "narHash": "sha256-H+Q/R9FKEuuBRjjgwP6GBPfQMA7rzH7UJm/+HSYZm5o=",
        "owner": "NixOS",
        "repo": "nixpkgs",
        "rev": "208645bf60302e4eea10f9b038043205b423de21",
        "type": "github"
      },
      "original": {
        "owner": "NixOS",
        "ref": "nixos-unstable-small",
        "repo": "nixpkgs",
        "type": "github"
      }
    },
    "root": {
      "inputs": {
        "nixpkgs": "nixpkgs"
      }
    }
  },
  "root": "root",
  "version": 7
}
