{
  "nodes": {
    "nixpkgs": {
      "locked": {
        "lastModified": 1737083351,
        "narHash": "sha256-hCddtSuk6m6XROmdOC0te0j2sLeUr28QIzNRk0qF1as=",
        "owner": "NixOS",
        "repo": "nixpkgs",
        "rev": "0993fc268872148cebcd1fac8660a8b8ced49542",
        "type": "github"
      },
      "original": {
        "owner": "NixOS",
        "ref": "nixos-unstable-small",
        "repo": "nixpkgs",
        "type": "github"
      }
    },
    "root": {
      "inputs": {
        "nixpkgs": "nixpkgs"
      }
    }
  },
  "root": "root",
  "version": 7
}
