{
  "nodes": {
    "nixpkgs": {
      "locked": {
        "lastModified": 1740557110,
        "narHash": "sha256-D2waFyJkaepTchTrGVAIfCd/YP+37bgXWg9cXwuxuT0=",
        "owner": "NixOS",
        "repo": "nixpkgs",
        "rev": "b89a821293c3872992137114d0db9a791243a41b",
        "type": "github"
      },
      "original": {
        "owner": "NixOS",
        "ref": "nixos-unstable-small",
        "repo": "nixpkgs",
        "type": "github"
      }
    },
    "root": {
      "inputs": {
        "nixpkgs": "nixpkgs"
      }
    }
  },
  "root": "root",
  "version": 7
}
