{
  "nodes": {
    "nixpkgs": {
      "locked": {
        "lastModified": 1750339022,
        "narHash": "sha256-ws4nec55lgEwmz5LovtxnrFlCFuAQiY/TEcspY8KycY=",
        "owner": "NixOS",
        "repo": "nixpkgs",
        "rev": "8b1e1e1e0fd8215f26e074ae47a73cbb2b1a328e",
        "type": "github"
      },
      "original": {
        "owner": "NixOS",
        "ref": "master",
        "repo": "nixpkgs",
        "type": "github"
      }
    },
    "root": {
      "inputs": {
        "nixpkgs": "nixpkgs"
      }
    }
  },
  "root": "root",
  "version": 7
}
