{
  "nodes": {
    "nixpkgs": {
      "locked": {
        "lastModified": 1781173989,
        "narHash": "sha256-fnzKKPvS+oieI/pTzotA5tkoM47EB1NpaBcgk4R97hE=",
        "owner": "NixOS",
        "repo": "nixpkgs",
        "rev": "8c91a71d13451abc40eb9dae8910f972f979852f",
        "type": "github"
      },
      "original": {
        "owner": "NixOS",
        "ref": "nixpkgs-unstable",
        "repo": "nixpkgs",
        "type": "github"
      }
    },
    "root": {
      "inputs": {
        "nixpkgs": "nixpkgs"
      }
    }
  },
  "root": "root",
  "version": 7
}
