{
  "nodes": {
    "nixpkgs": {
      "locked": {
        "lastModified": 1791161550,
        "narHash": "sha256-hUcT0jKmSHN5XgRW3sSEIIlqsVClkVfToluYtOd56ok=",
        "owner": "NixOS",
        "repo": "nixpkgs",
        "rev": "8c6b39505383e6d5dcb431f00cb3597b71f8045c",
        "type": "github"
      },
      "original": {
        "owner": "NixOS",
        "ref": "nixpkgs-unstable",
        "repo": "nixpkgs",
        "type": "github"
      }
    },
    "root": {
      "inputs": {
        "nixpkgs": "nixpkgs"
      }
    }
  },
  "root": "root",
  "version": 7
}
