{
  "nodes": {
    "nixpkgs": {
      "locked": {
        "lastModified": 1784842214,
        "narHash": "sha256-5RtCAzg/n1n2Yp0mtDiZzZFJzvqR4jHleWeqD7b5G14=",
        "owner": "NixOS",
        "repo": "nixpkgs",
        "rev": "91cc1fdf6831e29b6c98768e721a72241f3d0797",
        "type": "github"
      },
      "original": {
        "owner": "NixOS",
        "ref": "nixpkgs-unstable",
        "repo": "nixpkgs",
        "type": "github"
      }
    },
    "root": {
      "inputs": {
        "nixpkgs": "nixpkgs"
      }
    }
  },
  "root": "root",
  "version": 7
}
