{
  "nodes": {
    "flake-parts": {
      "inputs": {
        "nixpkgs-lib": "nixpkgs-lib"
      },
      "locked": {
        "lastModified": 1778716662,
        "narHash": "sha256-m1Yf0wZ8j1OHjTc2UwHwyQRSnNeSgLJOd7q5Y45hzi4=",
        "owner": "hercules-ci",
        "repo": "flake-parts",
        "rev": "f7c1a2d347e4c52d5fb8d10cb4d94b5884e546fb",
        "type": "github"
      },
      "original": {
        "owner": "hercules-ci",
        "repo": "flake-parts",
        "type": "github"
      }
    },
    "nixpkgs": {
      "locked": {
        "lastModified": 1770107345,
        "narHash": "sha256-tbS0Ebx2PiA1FRW8mt8oejR0qMXmziJmPaU1d4kYY9g=",
        "owner": "nixos",
        "repo": "nixpkgs",
        "rev": "4533d9293756b63904b7238acb84ac8fe4c8c2c4",
        "type": "github"
      },
      "original": {
        "owner": "nixos",
        "ref": "nixpkgs-unstable",
        "repo": "nixpkgs",
        "type": "github"
      }
    },
    "nixpkgs-lib": {
      "locked": {
        "lastModified": 1777168982,
        "narHash": "sha256-GOkGPcboWE9BmGCRMLX3worL4EMnsnG8MyKmXNeYuhQ=",
        "owner": "nix-community",
        "repo": "nixpkgs.lib",
        "rev": "f5901329dade4a6ea039af1433fb087bd9c1fe14",
        "type": "github"
      },
      "original": {
        "owner": "nix-community",
        "repo": "nixpkgs.lib",
        "type": "github"
      }
    },
    "nixpkgs-patch-10": {
      "flake": false,
      "locked": {
        "narHash": "sha256-oInNMaE9p2NSlR2LiaOp0VI8ePZ2urrcSKdo/MJwifE=",
        "type": "file",
        "url": "https://github.com/dtomvan/nixpkgs/commit/1af0598daff7f663144defe209a776d1b4d178b4.patch"
      },
      "original": {
        "type": "file",
        "url": "https://github.com/dtomvan/nixpkgs/commit/1af0598daff7f663144defe209a776d1b4d178b4.patch"
      }
    },
    "nixpkgs-patch-20": {
      "flake": false,
      "locked": {
        "narHash": "sha256-yOKzq7Zhm42zM2q6Utv0wVFDNFnHzu21qW4VvbCVMpY=",
        "type": "file",
        "url": "https://github.com/NixOS/nixpkgs/commit/48f87539d9cfc5ca4f7f6913dfcf51d24e849fcb.patch"
      },
      "original": {
        "type": "file",
        "url": "https://github.com/NixOS/nixpkgs/commit/48f87539d9cfc5ca4f7f6913dfcf51d24e849fcb.patch"
      }
    },
    "nixpkgs-patched": {
      "locked": {
        "lastModified": 1780941541,
        "narHash": "sha256-qFzT+IHjci1oq5zmq+bz8QPfp5uuJFIRijDlBWYm6LY=",
        "owner": "dtomvan",
        "repo": "nixpkgs",
        "rev": "78276302cb12e25918b8c84c8aa31dd0834ede87",
        "type": "github"
      },
      "original": {
        "owner": "dtomvan",
        "ref": "nixos-unstable-patched",
        "repo": "nixpkgs",
        "type": "github"
      }
    },
    "nixpkgs-patcher": {
      "inputs": {
        "flake-parts": [
          "puntbestanden"
        ],
        "nix-patcher": [
          "puntbestanden"
        ],
        "nixpkgs": [
          "puntbestanden"
        ],
        "nixpkgs-patch-10": "nixpkgs-patch-10",
        "nixpkgs-patch-20": "nixpkgs-patch-20",
        "nixpkgs-patched": "nixpkgs-patched",
        "systems": [
          "puntbestanden"
        ]
      },
      "locked": {
        "lastModified": 1781635127,
        "narHash": "sha256-aPzioetoWjZP/d8FGvvDESIZfUcWKBL/DNByXApVMNc=",
        "owner": "dtomvan",
        "repo": "nixpkgs-patcher",
        "rev": "00468e9290edf2030d0fafe2ac7bff6035b45b6d",
        "type": "github"
      },
      "original": {
        "owner": "dtomvan",
        "repo": "nixpkgs-patcher",
        "type": "github"
      }
    },
    "puntbestanden": {
      "inputs": {
        "bart": [],
        "catppuccin": [],
        "copyparty": [],
        "deploy-rs": [],
        "devshell": [],
        "direnv-instant": [],
        "disko": [],
        "flake-parts": [],
        "home-manager": [],
        "lazy-apps": [],
        "ncro": [],
        "nix-cache-beacon": [],
        "nix-index-database": [],
        "nix-maid": [],
        "nixos-small": [],
        "nixpkgs": [
          "puntbestanden",
          "nixpkgs-patcher",
          "nixpkgs-patched"
        ],
        "nixpkgs-patcher": "nixpkgs-patcher",
        "nixvim": [],
        "noctalia": [],
        "noctalia-greeter": [],
        "nur": [],
        "sops": [],
        "srvos": [],
        "tasks": [],
        "treefmt-nix": []
      },
      "locked": {
        "lastModified": 1781813624,
        "narHash": "sha256-0kttE1ilszxl/CvnrXx9ZMVABjgcs/oTWxyySxspSMU=",
        "owner": "dtomvan",
        "repo": "puntbestanden",
        "rev": "9b9968f362afae56d1503f9c47fb77de19046ef8",
        "type": "github"
      },
      "original": {
        "owner": "dtomvan",
        "repo": "puntbestanden",
        "type": "github"
      }
    },
    "root": {
      "inputs": {
        "flake-parts": "flake-parts",
        "nixpkgs": [
          "puntbestanden",
          "nixpkgs"
        ],
        "puntbestanden": "puntbestanden",
        "systems": "systems",
        "treefmt-nix": "treefmt-nix"
      }
    },
    "systems": {
      "locked": {
        "lastModified": 1681028828,
        "narHash": "sha256-Vy1rq5AaRuLzOxct8nz4T6wlgyUR7zLU309k9mBC768=",
        "owner": "nix-systems",
        "repo": "default",
        "rev": "da67096a3b9bf56a91d16901293e51ba5b49a27e",
        "type": "github"
      },
      "original": {
        "owner": "nix-systems",
        "repo": "default",
        "type": "github"
      }
    },
    "treefmt-nix": {
      "inputs": {
        "nixpkgs": "nixpkgs"
      },
      "locked": {
        "lastModified": 1780220602,
        "narHash": "sha256-eynAfOmbmxJnkp7YewvCEbShNnnYJ9gLLqkzsYtBPeM=",
        "owner": "numtide",
        "repo": "treefmt-nix",
        "rev": "db947814a175b7ca6ded66e21383d938df01c227",
        "type": "github"
      },
      "original": {
        "owner": "numtide",
        "repo": "treefmt-nix",
        "type": "github"
      }
    }
  },
  "root": "root",
  "version": 7
}
