{
  "nodes": {
    "nixpkgs": {
      "locked": {
        "lastModified": 1693654884,
        "narHash": "sha256-EqKKEl+IOS8TSjkt+xn1qGpsjnx5/ag33YNQ1+c7OuM=",
        "owner": "NixOS",
        "repo": "nixpkgs",
        "rev": "e7f35e03abd06a2faef6684d0de813370e13bda8",
        "type": "github"
      },
      "original": {
        "owner": "NixOS",
        "ref": "nixpkgs-unstable",
        "repo": "nixpkgs",
        "type": "github"
      }
    },
    "root": {
      "inputs": {
        "nixpkgs": "nixpkgs"
      }
    }
  },
  "root": "root",
  "version": 7
}
