{
  "nodes": {
    "nixpkgs": {
      "locked": {
        "lastModified": 1754956457,
        "narHash": "sha256-T2+GFBeim9Nd1D1sTytRpgo8E2RwlTwHmQUmewBceo4=",
        "owner": "NixOS",
        "repo": "nixpkgs",
        "rev": "5a983011e0f4b3b286aaa73e011ce32b1449a528",
        "type": "github"
      },
      "original": {
        "owner": "NixOS",
        "ref": "nixpkgs-unstable",
        "repo": "nixpkgs",
        "type": "github"
      }
    },
    "root": {
      "inputs": {
        "nixpkgs": "nixpkgs"
      }
    }
  },
  "root": "root",
  "version": 7
}
