{
  "nodes": {
    "flake-utils": {
      "inputs": {
        "systems": "systems"
      },
      "locked": {
        "lastModified": 1705309234,
        "narHash": "sha256-uNRRNRKmJyCRC/8y1RqBkqWBLM034y4qN7EprSdmgyA=",
        "owner": "numtide",
        "repo": "flake-utils",
        "rev": "1ef2e671c3b0c19053962c07dbda38332dcebf26",
        "type": "github"
      },
      "original": {
        "owner": "numtide",
        "repo": "flake-utils",
        "type": "github"
      }
    },
    "gpd-linuxcontrols": {
      "inputs": {
        "nixpkgs": [
          "nixpkgs"
        ],
        "rust-overlay": [
          "rust-overlay"
        ]
      },
      "locked": {
        "lastModified": 1709100403,
        "narHash": "sha256-KXPfbd1tsMYoRc2HIcLUIgqBPpmAeyepkFzo7hy/FhI=",
        "owner": "Cryolitia",
        "repo": "GPD-LinuxControls",
        "rev": "ecc16f6980fe43d914494a43c7e5c7fcb4c467f2",
        "type": "github"
      },
      "original": {
        "owner": "Cryolitia",
        "repo": "GPD-LinuxControls",
        "type": "github"
      }
    },
    "nixpkgs": {
      "locked": {
        "lastModified": 1709069307,
        "narHash": "sha256-ER6N232jucnqu4+AK80RdmgBDuk61FAqmp36EMqkQns=",
        "owner": "NixOS",
        "repo": "nixpkgs",
        "rev": "9c1ea5e3a2a2578792438cba233f2763593e19c5",
        "type": "github"
      },
      "original": {
        "owner": "NixOS",
        "ref": "nixpkgs-unstable",
        "repo": "nixpkgs",
        "type": "github"
      }
    },
    "root": {
      "inputs": {
        "gpd-linuxcontrols": "gpd-linuxcontrols",
        "nixpkgs": "nixpkgs",
        "rust-overlay": "rust-overlay"
      }
    },
    "rust-overlay": {
      "inputs": {
        "flake-utils": "flake-utils",
        "nixpkgs": [
          "nixpkgs"
        ]
      },
      "locked": {
        "lastModified": 1709086241,
        "narHash": "sha256-3QHK5zu/5XOa+ghBeKzvt+/BLdEPjw/xDNLcpDfbkmg=",
        "owner": "oxalica",
        "repo": "rust-overlay",
        "rev": "5d56056fb905ff550ee61b6ebb6674d494f57a9e",
        "type": "github"
      },
      "original": {
        "owner": "oxalica",
        "repo": "rust-overlay",
        "type": "github"
      }
    },
    "systems": {
      "locked": {
        "lastModified": 1681028828,
        "narHash": "sha256-Vy1rq5AaRuLzOxct8nz4T6wlgyUR7zLU309k9mBC768=",
        "owner": "nix-systems",
        "repo": "default",
        "rev": "da67096a3b9bf56a91d16901293e51ba5b49a27e",
        "type": "github"
      },
      "original": {
        "owner": "nix-systems",
        "repo": "default",
        "type": "github"
      }
    }
  },
  "root": "root",
  "version": 7
}
