{
  "nodes": {
    "gpd-fan-driver": {
      "inputs": {
        "nixpkgs": [
          "nixpkgs"
        ]
      },
      "locked": {
        "lastModified": 1721129678,
        "narHash": "sha256-KJ4v4FVgPPQetjADbZlEqafq5HNygeKfjOBD1sR95gQ=",
        "owner": "Cryolitia",
        "repo": "gpd-fan-driver",
        "rev": "832e0c1b44a7104830b073aff65f3702435f824d",
        "type": "github"
      },
      "original": {
        "owner": "Cryolitia",
        "repo": "gpd-fan-driver",
        "type": "github"
      }
    },
    "gpd-linuxcontrols": {
      "inputs": {
        "nixpkgs": [
          "nixpkgs"
        ],
        "rust-overlay": [
          "rust-overlay"
        ]
      },
      "locked": {
        "lastModified": 1720926613,
        "narHash": "sha256-k2fYcrHLDxkgi/R/hpkdXrzUJy54gBaakW+hSwPkFq8=",
        "owner": "Cryolitia",
        "repo": "GPD-LinuxControls",
        "rev": "03776f22389dd1e257f1bc3d61f2e1e304f42ede",
        "type": "github"
      },
      "original": {
        "owner": "Cryolitia",
        "repo": "GPD-LinuxControls",
        "type": "github"
      }
    },
    "nixpkgs": {
      "locked": {
        "lastModified": 1721782431,
        "narHash": "sha256-UNDpwjYxNXQet/g3mgRLsQ9zxrbm9j2JEvP4ijF3AWs=",
        "owner": "NixOS",
        "repo": "nixpkgs",
        "rev": "4f02464258baaf54992debfd010a7a3662a25536",
        "type": "github"
      },
      "original": {
        "owner": "NixOS",
        "ref": "nixpkgs-unstable",
        "repo": "nixpkgs",
        "type": "github"
      }
    },
    "root": {
      "inputs": {
        "gpd-fan-driver": "gpd-fan-driver",
        "gpd-linuxcontrols": "gpd-linuxcontrols",
        "nixpkgs": "nixpkgs",
        "rust-overlay": "rust-overlay"
      }
    },
    "rust-overlay": {
      "inputs": {
        "nixpkgs": [
          "nixpkgs"
        ]
      },
      "locked": {
        "lastModified": 1721960387,
        "narHash": "sha256-o21ax+745ETGXrcgc/yUuLw1SI77ymp3xEpJt+w/kks=",
        "owner": "oxalica",
        "repo": "rust-overlay",
        "rev": "9cbf831c5b20a53354fc12758abd05966f9f1699",
        "type": "github"
      },
      "original": {
        "owner": "oxalica",
        "repo": "rust-overlay",
        "type": "github"
      }
    }
  },
  "root": "root",
  "version": 7
}
