{
  "nodes": {
    "nixpkgs": {
      "locked": {
        "lastModified": 1688100262,
        "narHash": "sha256-RlyMyeya6hClpgyMtKLYjf/watrWpyvlwInj8+d94lc=",
        "owner": "NixOS",
        "repo": "nixpkgs",
        "rev": "3c614fbc76fc152f3e1bc4b2263da6d90adf80fb",
        "type": "github"
      },
      "original": {
        "owner": "NixOS",
        "ref": "nixpkgs-unstable",
        "repo": "nixpkgs",
        "type": "github"
      }
    },
    "root": {
      "inputs": {
        "nixpkgs": "nixpkgs"
      }
    }
  },
  "root": "root",
  "version": 7
}
