{
  "nodes": {
    "nixpkgs": {
      "locked": {
        "lastModified": 1691155369,
        "narHash": "sha256-CIuJO5pgwCMsZM8flIU2OiZ79QfDCesXPsAiokCzlNM=",
        "owner": "NixOS",
        "repo": "nixpkgs",
        "rev": "7d050b98e51cdbdd88ad960152d398d41c7ff5b4",
        "type": "github"
      },
      "original": {
        "owner": "NixOS",
        "ref": "nixpkgs-unstable",
        "repo": "nixpkgs",
        "type": "github"
      }
    },
    "root": {
      "inputs": {
        "nixpkgs": "nixpkgs"
      }
    }
  },
  "root": "root",
  "version": 7
}
