{
  "nodes": {
    "nixos": {
      "locked": {
        "lastModified": 1660842467,
        "narHash": "sha256-lSer61lI5X61/3zjMu4OSUqdKSCW2jM1rU6B3WLBOj4=",
        "owner": "NixOS",
        "repo": "nixpkgs",
        "rev": "9b9f4bb4e1125a2b9734b05a4c35ff388cabec05",
        "type": "github"
      },
      "original": {
        "owner": "NixOS",
        "ref": "nixos-22.05",
        "repo": "nixpkgs",
        "type": "github"
      }
    },
    "root": {
      "inputs": {
        "nixos": "nixos"
      }
    }
  },
  "root": "root",
  "version": 7
}
