{
  "nodes": {
    "nixpkgs": {
      "locked": {
        "lastModified": 1763289909,
        "narHash": "sha256-80bndqE/BfEmuLhHznrLLWziXZeiIdJSPL0/0JzayVk=",
        "owner": "NixOS",
        "repo": "nixpkgs",
        "rev": "107680c02ca32fb06a24c1f27722a069a7813318",
        "type": "github"
      },
      "original": {
        "owner": "NixOS",
        "ref": "master",
        "repo": "nixpkgs",
        "type": "github"
      }
    },
    "root": {
      "inputs": {
        "nixpkgs": "nixpkgs"
      }
    }
  },
  "root": "root",
  "version": 7
}
