{
  "nodes": {
    "nixpkgs": {
      "locked": {
        "lastModified": 1789012029,
        "narHash": "sha256-pAelOjF4w4iqEJozlFGQmWMobMa6F9eLIbMeBPBW7Ts=",
        "rev": "d5dfd8e6716dde34398bc14bc87c10dece9c8c68",
        "type": "tarball",
        "url": "https://releases.nixos.org/nixpkgs/nixpkgs-26.11pre1070774.d5dfd8e6716d/nixexprs.tar.zst"
      },
      "original": {
        "type": "tarball",
        "url": "https://nixos.org/channels/nixpkgs-unstable/nixexprs.tar.zst"
      }
    },
    "root": {
      "inputs": {
        "nixpkgs": "nixpkgs"
      }
    }
  },
  "root": "root",
  "version": 7
}
