{
  "nodes": {
    "jux-is-a-nix-maintainer-apparently": {
      "locked": {
        "lastModified": 1758213542,
        "narHash": "sha256-ONAKBE8jzmQao9NvuPtjuo4lvaCr/djtNT1NoQIw0rc=",
        "ref": "main",
        "rev": "c808e0d4cbb3d66a774ec61ad264eb55a5294d27",
        "revCount": 2,
        "type": "git",
        "url": "https://codeberg.org/JuxGD/jux-is-a-nix-maintainer-apparently"
      },
      "original": {
        "ref": "main",
        "type": "git",
        "url": "https://codeberg.org/JuxGD/jux-is-a-nix-maintainer-apparently"
      }
    },
    "nixpkgs": {
      "locked": {
        "lastModified": 1757873102,
        "narHash": "sha256-kYhNxLlYyJcUouNRazBufVfBInMWMyF+44xG/xar2yE=",
        "owner": "NixOS",
        "repo": "nixpkgs",
        "rev": "88cef159e47c0dc56f151593e044453a39a6e547",
        "type": "github"
      },
      "original": {
        "owner": "NixOS",
        "ref": "nixpkgs-unstable",
        "repo": "nixpkgs",
        "type": "github"
      }
    },
    "root": {
      "inputs": {
        "jux-is-a-nix-maintainer-apparently": "jux-is-a-nix-maintainer-apparently",
        "nixpkgs": "nixpkgs"
      }
    }
  },
  "root": "root",
  "version": 7
}
