{
  "nodes": {
    "fenix": {
      "inputs": {
        "nixpkgs": [
          "nixpkgs"
        ],
        "rust-analyzer-src": "rust-analyzer-src"
      },
      "locked": {
        "lastModified": 1676787789,
        "narHash": "sha256-9TR/KjA/EXlNQ7E/ysUA3irAwZnBgRSzladPDG9hQa4=",
        "owner": "nix-community",
        "repo": "fenix",
        "rev": "3820015f5000744a928a760c183a24a53674fcfe",
        "type": "github"
      },
      "original": {
        "owner": "nix-community",
        "repo": "fenix",
        "type": "github"
      }
    },
    "nixpkgs": {
      "locked": {
        "lastModified": 1676790509,
        "narHash": "sha256-W9uWAWokgS8US8rJf79qBLS2M+ZgIscfoz+KsNE7VGQ=",
        "owner": "NixOS",
        "repo": "nixpkgs",
        "rev": "a1291d0d020a200c7ce3c48e96090bfa4890a475",
        "type": "github"
      },
      "original": {
        "owner": "NixOS",
        "ref": "nixpkgs-unstable",
        "repo": "nixpkgs",
        "type": "github"
      }
    },
    "root": {
      "inputs": {
        "fenix": "fenix",
        "nixpkgs": "nixpkgs"
      }
    },
    "rust-analyzer-src": {
      "flake": false,
      "locked": {
        "lastModified": 1676584162,
        "narHash": "sha256-8h0sV0fmMSB7KydJJD5Iz1kJxR3YzYa3iJ71VD2zePk=",
        "owner": "rust-lang",
        "repo": "rust-analyzer",
        "rev": "a6603fc21d50b3386a488c96225b2d1fd492e533",
        "type": "github"
      },
      "original": {
        "owner": "rust-lang",
        "ref": "nightly",
        "repo": "rust-analyzer",
        "type": "github"
      }
    }
  },
  "root": "root",
  "version": 7
}
