{
  "nodes": {
    "home-manager": {
      "inputs": {
        "nixpkgs": [
          "nixpkgs"
        ]
      },
      "locked": {
        "lastModified": 1706134977,
        "narHash": "sha256-KwNb1Li3K6vuVwZ77tFjZ89AWBo7AiCs9t0Cens4BsM=",
        "owner": "nix-community",
        "repo": "home-manager",
        "rev": "6359d40f6ec0b72a38e02b333f343c3d4929ec10",
        "type": "github"
      },
      "original": {
        "owner": "nix-community",
        "ref": "master",
        "repo": "home-manager",
        "type": "github"
      }
    },
    "nixpkgs": {
      "locked": {
        "lastModified": 1705856552,
        "narHash": "sha256-JXfnuEf5Yd6bhMs/uvM67/joxYKoysyE3M2k6T3eWbg=",
        "owner": "NixOS",
        "repo": "nixpkgs",
        "rev": "612f97239e2cc474c13c9dafa0df378058c5ad8d",
        "type": "github"
      },
      "original": {
        "owner": "NixOS",
        "ref": "nixos-unstable",
        "repo": "nixpkgs",
        "type": "github"
      }
    },
    "nur": {
      "locked": {
        "lastModified": 1706211899,
        "narHash": "sha256-gedJjTowTi71oxbYiMXRvzlbMthu2knSmvpuqe7QO4Y=",
        "owner": "nix-community",
        "repo": "NUR",
        "rev": "61c04b2e2cc15d505cab5c959df9388fde20525f",
        "type": "github"
      },
      "original": {
        "id": "nur",
        "type": "indirect"
      }
    },
    "root": {
      "inputs": {
        "home-manager": "home-manager",
        "nixpkgs": "nixpkgs",
        "nur": "nur"
      }
    }
  },
  "root": "root",
  "version": 7
}
