{
  "nodes": {
    "nixpkgs": {
      "locked": {
        "lastModified": 1679644522,
        "narHash": "sha256-Fgi0g7NHz7h+/dXFdyDmUeQrARxmfzTlkcxsyiW3dPQ=",
        "owner": "NixOS",
        "repo": "nixpkgs",
        "rev": "d4660b45bc031d98cecd233babf1df7f6d64b65e",
        "type": "github"
      },
      "original": {
        "owner": "NixOS",
        "ref": "nixpkgs-unstable",
        "repo": "nixpkgs",
        "type": "github"
      }
    },
    "root": {
      "inputs": {
        "nixpkgs": "nixpkgs"
      }
    }
  },
  "root": "root",
  "version": 7
}
