{
  "nodes": {
    "nixpkgs": {
      "locked": {
        "lastModified": 1695582103,
        "narHash": "sha256-hfZ5fX+ApQOWMSex6qjIU6mEKZaP51hzBcD4tLOHdJg=",
        "owner": "NixOS",
        "repo": "nixpkgs",
        "rev": "bbfbf65de03a297862316bb96ab8212cc79f3345",
        "type": "github"
      },
      "original": {
        "owner": "NixOS",
        "ref": "master",
        "repo": "nixpkgs",
        "type": "github"
      }
    },
    "root": {
      "inputs": {
        "nixpkgs": "nixpkgs"
      }
    }
  },
  "root": "root",
  "version": 7
}
