{
  "nodes": {
    "nixpkgs": {
      "locked": {
        "lastModified": 1754340878,
        "narHash": "sha256-lgmUyVQL9tSnvvIvBp7x1euhkkCho7n3TMzgjdvgPoU=",
        "owner": "nixos",
        "repo": "nixpkgs",
        "rev": "cab778239e705082fe97bb4990e0d24c50924c04",
        "type": "github"
      },
      "original": {
        "owner": "nixos",
        "ref": "nixpkgs-unstable",
        "repo": "nixpkgs",
        "type": "github"
      }
    },
    "nixpkgs-stable": {
      "locked": {
        "lastModified": 1754689972,
        "narHash": "sha256-eogqv6FqZXHgqrbZzHnq43GalnRbLTkbBbFtEfm1RSc=",
        "owner": "NixOS",
        "repo": "nixpkgs",
        "rev": "fc756aa6f5d3e2e5666efcf865d190701fef150a",
        "type": "github"
      },
      "original": {
        "owner": "NixOS",
        "ref": "nixos-25.05",
        "repo": "nixpkgs",
        "type": "github"
      }
    },
    "nixpkgs-unstable": {
      "locked": {
        "lastModified": 1754711617,
        "narHash": "sha256-WrZ280bT6NzNbBo+CKeJA/NW1rhvN/RUPZczqCpu2mI=",
        "owner": "NixOS",
        "repo": "nixpkgs",
        "rev": "00b574b1ba8a352f0601c4dde4faff4b534ebb1e",
        "type": "github"
      },
      "original": {
        "owner": "NixOS",
        "ref": "nixpkgs-unstable",
        "repo": "nixpkgs",
        "type": "github"
      }
    },
    "root": {
      "inputs": {
        "nixpkgs-stable": "nixpkgs-stable",
        "nixpkgs-unstable": "nixpkgs-unstable",
        "treefmt-nix": "treefmt-nix"
      }
    },
    "treefmt-nix": {
      "inputs": {
        "nixpkgs": "nixpkgs"
      },
      "locked": {
        "lastModified": 1754492133,
        "narHash": "sha256-B+3g9+76KlGe34Yk9za8AF3RL+lnbHXkLiVHLjYVOAc=",
        "owner": "numtide",
        "repo": "treefmt-nix",
        "rev": "1298185c05a56bff66383a20be0b41a307f52228",
        "type": "github"
      },
      "original": {
        "owner": "numtide",
        "repo": "treefmt-nix",
        "type": "github"
      }
    }
  },
  "root": "root",
  "version": 7
}
