{
  "nodes": {
    "nixpkgs": {
      "locked": {
        "lastModified": 1716220750,
        "narHash": "sha256-Lhhrd1ZBNXCbUupWGq6gRPIy1qMKEdcAXcjnwgVqe/U=",
        "owner": "NixOS",
        "repo": "nixpkgs",
        "rev": "641daa314d5bc1bca4b345da8eb08a130b109c79",
        "type": "github"
      },
      "original": {
        "owner": "NixOS",
        "ref": "nixpkgs-unstable",
        "repo": "nixpkgs",
        "type": "github"
      }
    },
    "root": {
      "inputs": {
        "nixpkgs": "nixpkgs"
      }
    }
  },
  "root": "root",
  "version": 7
}
