{
  "nodes": {
    "nixpkgs": {
      "locked": {
        "lastModified": 1775464765,
        "narHash": "sha256-nex6TL2x1/sVHCyDWcvl1t/dbTedb9bAGC4DLf/pmYk=",
        "owner": "NixOS",
        "repo": "nixpkgs",
        "rev": "83e29f2b8791f6dec20804382fcd9a666d744c07",
        "type": "github"
      },
      "original": {
        "owner": "NixOS",
        "ref": "nixpkgs-unstable",
        "repo": "nixpkgs",
        "type": "github"
      }
    },
    "root": {
      "inputs": {
        "nixpkgs": "nixpkgs"
      }
    }
  },
  "root": "root",
  "version": 7
}
