{
  "nodes": {
    "nixpkgs": {
      "locked": {
        "lastModified": 1789960332,
        "narHash": "sha256-MQ5my6vvo0z2iVQcKqrysutFWvsNw3/ynNxzjJon4yc=",
        "owner": "NixOS",
        "repo": "nixpkgs",
        "rev": "35e212742ceab4ae1dcfbfd9039a39215c816e8e",
        "type": "github"
      },
      "original": {
        "owner": "NixOS",
        "ref": "nixpkgs-unstable",
        "repo": "nixpkgs",
        "type": "github"
      }
    },
    "root": {
      "inputs": {
        "nixpkgs": "nixpkgs"
      }
    }
  },
  "root": "root",
  "version": 7
}
