{
  "nodes": {
    "nixpkgs": {
      "locked": {
        "lastModified": 1761302233,
        "narHash": "sha256-/KKo8hEmPu8w6UDQ1zlUIEW8HbFt3b+QKWWMzJNNF/8=",
        "ref": "refs/heads/main",
        "rev": "aa196b43ef7f1258f966afd4589ec4a6a5ded9fb",
        "shallow": true,
        "type": "git",
        "url": "https://github.com/Mic92/nixpkgs"
      },
      "original": {
        "shallow": true,
        "type": "git",
        "url": "https://github.com/Mic92/nixpkgs"
      }
    },
    "root": {
      "inputs": {
        "nixpkgs": "nixpkgs"
      }
    }
  },
  "root": "root",
  "version": 7
}
