{
  "nodes": {
    "nixpkgs": {
      "locked": {
        "lastModified": 1698736402,
        "narHash": "sha256-bbeuL51r6CDpeiy2K0QQzKWGlDZTEN98iNpR8HmMh48=",
        "owner": "Mic92",
        "repo": "nixpkgs",
        "rev": "55f4ed3b5f48ab138bfea8d01efac2fe6db89513",
        "type": "github"
      },
      "original": {
        "owner": "Mic92",
        "ref": "main",
        "repo": "nixpkgs",
        "type": "github"
      }
    },
    "root": {
      "inputs": {
        "nixpkgs": "nixpkgs"
      }
    }
  },
  "root": "root",
  "version": 7
}
