{
  "nodes": {
    "nixpkgs": {
      "locked": {
        "lastModified": 1752984364,
        "narHash": "sha256-JwPsOVU/RJ1IeHZ0OE4k7fZG+WgjATHtQz+RXKN/3sA=",
        "ref": "refs/heads/main",
        "rev": "e524db774e58b7a3ba6bdccc8db2bc3bc6d1f6ae",
        "shallow": true,
        "type": "git",
        "url": "https://github.com/Mic92/nixpkgs"
      },
      "original": {
        "shallow": true,
        "type": "git",
        "url": "https://github.com/Mic92/nixpkgs"
      }
    },
    "root": {
      "inputs": {
        "nixpkgs": "nixpkgs"
      }
    }
  },
  "root": "root",
  "version": 7
}
